{
  "requires": true,
  "lockfileVersion": 1,
  "dependencies": {
    "camelcase": {
      "version": "5.3.1",
      "resolved": "https://registry.npmjs.org/camelcase/-/camelcase-5.3.1.tgz",
      "integrity": "sha512-L28STB170nwWS63UjtlEOE3dldQApaJXZkOI1uMFfzf3rRuPegHaHesyee+YxQ+W6SvRDQV6UrdOdRiR153wJg=="
    },
    "react-icons": {
      "version": "3.10.0",
      "resolved": "https://registry.npmjs.org/react-icons/-/react-icons-3.10.0.tgz",
      "integrity": "sha512-WsQ5n1JToG9VixWilSo1bHv842Cj5aZqTGiS3Ud47myF6aK7S/IUY2+dHcBdmkQcCFRuHsJ9OMUI0kTDfjyZXQ==",
      "requires": {
        "camelcase": "^5.0.0"
      }
    }
  }
}
